
Microsoft Visual Studio Solution File, Format Version 12.00
# Visual Studio Version 17
VisualStudioVersion = 17.14.36616.10 d17.14
MinimumVisualStudioVersion = 10.0.40219.1
Project("{FAE04EC0-301F-11D3-BF4B-00C04F79EFBC}") = "AssignmentSession06", "AssignmentSession06\AssignmentSession06.csproj", "{3BE92688-BC25-4817-AD4B-1EF84623CCFA}"
EndProject
Global
	GlobalSection(SolutionConfigurationPlatforms) = preSolution
		Debug|Any CPU = Debug|Any CPU
		Release|Any CPU = Release|Any CPU
	EndGlobalSection
	GlobalSection(ProjectConfigurationPlatforms) = postSolution
		{3BE92688-BC25-4817-AD4B-1EF84623CCFA}.Debug|Any CPU.ActiveCfg = Debug|Any CPU
		{3BE92688-BC25-4817-AD4B-1EF84623CCFA}.Debug|Any CPU.Build.0 = Debug|Any CPU
		{3BE92688-BC25-4817-AD4B-1EF84623CCFA}.Release|Any CPU.ActiveCfg = Release|Any CPU
		{3BE92688-BC25-4817-AD4B-1EF84623CCFA}.Release|Any CPU.Build.0 = Release|Any CPU
	EndGlobalSection
	GlobalSection(SolutionProperties) = preSolution
		HideSolutionNode = FALSE
	EndGlobalSection
	GlobalSection(ExtensibilityGlobals) = postSolution
		SolutionGuid = {2D127686-D257-451E-8F1E-91D2015E22E2}
	EndGlobalSection
EndGlobal
